
Microsoft Visual Studio Solution File, Format Version 12.00
# Visual Studio Version 17
VisualStudioVersion = 17.14.36811.4
MinimumVisualStudioVersion = 10.0.40219.1
Project("{FAE04EC0-301F-11D3-BF4B-00C04F79EFBC}") = "Restaurant.Web", "Restaurant.Web.csproj", "{0EB1B3C2-740B-466D-8796-E6DE57C2BED8}"
EndProject
Project("{FAE04EC0-301F-11D3-BF4B-00C04F79EFBC}") = "Restaurant.API", "..\..\..\..\..\proiect medii\RestaurantAPI\Restaurant.API\Restaurant.API.csproj", "{51E968F0-E910-421D-BE87-0D584A27B775}"
EndProject
Project("{FAE04EC0-301F-11D3-BF4B-00C04F79EFBC}") = "Restaurant.Mobile", "..\Restaurant.Mobile\Restaurant.Mobile.csproj", "{F92FB35A-FE9E-54E2-2CAD-02C15ED3D1B2}"
EndProject
Global
	GlobalSection(SolutionConfigurationPlatforms) = preSolution
		Debug|Any CPU = Debug|Any CPU
		Release|Any CPU = Release|Any CPU
	EndGlobalSection
	GlobalSection(ProjectConfigurationPlatforms) = postSolution
		{0EB1B3C2-740B-466D-8796-E6DE57C2BED8}.Debug|Any CPU.ActiveCfg = Debug|Any CPU
		{0EB1B3C2-740B-466D-8796-E6DE57C2BED8}.Debug|Any CPU.Build.0 = Debug|Any CPU
		{0EB1B3C2-740B-466D-8796-E6DE57C2BED8}.Release|Any CPU.ActiveCfg = Release|Any CPU
		{0EB1B3C2-740B-466D-8796-E6DE57C2BED8}.Release|Any CPU.Build.0 = Release|Any CPU
		{51E968F0-E910-421D-BE87-0D584A27B775}.Debug|Any CPU.ActiveCfg = Debug|Any CPU
		{51E968F0-E910-421D-BE87-0D584A27B775}.Debug|Any CPU.Build.0 = Debug|Any CPU
		{51E968F0-E910-421D-BE87-0D584A27B775}.Release|Any CPU.ActiveCfg = Release|Any CPU
		{51E968F0-E910-421D-BE87-0D584A27B775}.Release|Any CPU.Build.0 = Release|Any CPU
		{F92FB35A-FE9E-54E2-2CAD-02C15ED3D1B2}.Debug|Any CPU.ActiveCfg = Debug|Any CPU
		{F92FB35A-FE9E-54E2-2CAD-02C15ED3D1B2}.Debug|Any CPU.Build.0 = Debug|Any CPU
		{F92FB35A-FE9E-54E2-2CAD-02C15ED3D1B2}.Debug|Any CPU.Deploy.0 = Debug|Any CPU
		{F92FB35A-FE9E-54E2-2CAD-02C15ED3D1B2}.Release|Any CPU.ActiveCfg = Release|Any CPU
		{F92FB35A-FE9E-54E2-2CAD-02C15ED3D1B2}.Release|Any CPU.Build.0 = Release|Any CPU
		{F92FB35A-FE9E-54E2-2CAD-02C15ED3D1B2}.Release|Any CPU.Deploy.0 = Release|Any CPU
	EndGlobalSection
	GlobalSection(SolutionProperties) = preSolution
		HideSolutionNode = FALSE
	EndGlobalSection
	GlobalSection(ExtensibilityGlobals) = postSolution
		SolutionGuid = {AE952B9B-ABEE-4FF0-B67F-033CD945B570}
	EndGlobalSection
EndGlobal
